// !$*UTF8*$!
{
	archiveVersion = 1;
	classes = {
	};
	objectVersion = 50;
	objects = {

/* Begin PBXBuildFile section */
		4DACBA9921122E6200CCC8F3 /* ts_audiofix.h in Headers */ = {isa = PBXBuildFile; fileRef = 4DACBA9821122E6200CCC8F3 /* ts_audiofix.h */; };
		4DACBA9B21122E6200CCC8F3 /* ts_audiofix.cc in Sources */ = {isa = PBXBuildFile; fileRef = 4DACBA9A21122E6200CCC8F3 /* ts_audiofix.cc */; };
/* End PBXBuildFile section */

/* Begin PBXFileReference section */
		4D64B9AB2112438800BBBF12 /* audiofix.sh */ = {isa = PBXFileReference; lastKnownFileType = text.script.sh; path = audiofix.sh; sourceTree = "<group>"; };
		4D64B9AD21124B9D00BBBF12 /* 00readme-audiofix.txt */ = {isa = PBXFileReference; lastKnownFileType = text; path = "00readme-audiofix.txt"; sourceTree = "<group>"; };
		4DACBA9621122E6200CCC8F3 /* TSAudioFixDriver.kext */ = {isa = PBXFileReference; explicitFileType = wrapper.cfbundle; includeInIndex = 0; path = TSAudioFixDriver.kext; sourceTree = BUILT_PRODUCTS_DIR; };
		4DACBA9821122E6200CCC8F3 /* ts_audiofix.h */ = {isa = PBXFileReference; lastKnownFileType = sourcecode.c.h; path = ts_audiofix.h; sourceTree = "<group>"; };
		4DACBA9A21122E6200CCC8F3 /* ts_audiofix.cc */ = {isa = PBXFileReference; lastKnownFileType = sourcecode.cpp.cpp; path = ts_audiofix.cc; sourceTree = "<group>"; };
		4DACBA9C21122E6200CCC8F3 /* Info.plist */ = {isa = PBXFileReference; lastKnownFileType = text.plist.xml; path = Info.plist; sourceTree = "<group>"; };
		4DACBAA32112365B00CCC8F3 /* CoreFoundation.framework */ = {isa = PBXFileReference; lastKnownFileType = wrapper.framework; name = CoreFoundation.framework; path = System/Library/Frameworks/CoreFoundation.framework; sourceTree = SDKROOT; };
		4DACBAA52112366100CCC8F3 /* IOKit.framework */ = {isa = PBXFileReference; lastKnownFileType = wrapper.framework; name = IOKit.framework; path = System/Library/Frameworks/IOKit.framework; sourceTree = SDKROOT; };
		4DACBAA72112366700CCC8F3 /* Cocoa.framework */ = {isa = PBXFileReference; lastKnownFileType = wrapper.framework; name = Cocoa.framework; path = System/Library/Frameworks/Cocoa.framework; sourceTree = SDKROOT; };
		4DACBAA9211236DC00CCC8F3 /* Security.framework */ = {isa = PBXFileReference; lastKnownFileType = wrapper.framework; name = Security.framework; path = System/Library/Frameworks/Security.framework; sourceTree = SDKROOT; };
/* End PBXFileReference section */

/* Begin PBXFrameworksBuildPhase section */
		4DACBA9221122E6200CCC8F3 /* Frameworks */ = {
			isa = PBXFrameworksBuildPhase;
			buildActionMask = 2147483647;
			files = (
			);
			runOnlyForDeploymentPostprocessing = 0;
		};
/* End PBXFrameworksBuildPhase section */

/* Begin PBXGroup section */
		4DACBA7421122ABD00CCC8F3 = {
			isa = PBXGroup;
			children = (
				4D64B9AD21124B9D00BBBF12 /* 00readme-audiofix.txt */,
				4D64B9AB2112438800BBBF12 /* audiofix.sh */,
				4DACBA9721122E6200CCC8F3 /* AudioFixDriver */,
				4DACBA7E21122ABD00CCC8F3 /* Products */,
				4DACBAA22112365B00CCC8F3 /* Frameworks */,
			);
			sourceTree = "<group>";
		};
		4DACBA7E21122ABD00CCC8F3 /* Products */ = {
			isa = PBXGroup;
			children = (
				4DACBA9621122E6200CCC8F3 /* TSAudioFixDriver.kext */,
			);
			name = Products;
			sourceTree = "<group>";
		};
		4DACBA9721122E6200CCC8F3 /* AudioFixDriver */ = {
			isa = PBXGroup;
			children = (
				4DACBA9821122E6200CCC8F3 /* ts_audiofix.h */,
				4DACBA9A21122E6200CCC8F3 /* ts_audiofix.cc */,
				4DACBA9C21122E6200CCC8F3 /* Info.plist */,
			);
			path = AudioFixDriver;
			sourceTree = "<group>";
		};
		4DACBAA22112365B00CCC8F3 /* Frameworks */ = {
			isa = PBXGroup;
			children = (
				4DACBAA9211236DC00CCC8F3 /* Security.framework */,
				4DACBAA72112366700CCC8F3 /* Cocoa.framework */,
				4DACBAA52112366100CCC8F3 /* IOKit.framework */,
				4DACBAA32112365B00CCC8F3 /* CoreFoundation.framework */,
			);
			name = Frameworks;
			sourceTree = "<group>";
		};
/* End PBXGroup section */

/* Begin PBXHeadersBuildPhase section */
		4DACBA9321122E6200CCC8F3 /* Headers */ = {
			isa = PBXHeadersBuildPhase;
			buildActionMask = 2147483647;
			files = (
				4DACBA9921122E6200CCC8F3 /* ts_audiofix.h in Headers */,
			);
			runOnlyForDeploymentPostprocessing = 0;
		};
/* End PBXHeadersBuildPhase section */

/* Begin PBXNativeTarget section */
		4DACBA9521122E6200CCC8F3 /* TSAudioFixDriver */ = {
			isa = PBXNativeTarget;
			buildConfigurationList = 4DACBA9D21122E6200CCC8F3 /* Build configuration list for PBXNativeTarget "TSAudioFixDriver" */;
			buildPhases = (
				4DACBA9121122E6200CCC8F3 /* Sources */,
				4DACBA9221122E6200CCC8F3 /* Frameworks */,
				4DACBA9321122E6200CCC8F3 /* Headers */,
				4DACBA9421122E6200CCC8F3 /* Resources */,
			);
			buildRules = (
			);
			dependencies = (
			);
			name = TSAudioFixDriver;
			productName = AudioFix.kext;
			productReference = 4DACBA9621122E6200CCC8F3 /* TSAudioFixDriver.kext */;
			productType = "com.apple.product-type.kernel-extension";
		};
/* End PBXNativeTarget section */

/* Begin PBXProject section */
		4DACBA7521122ABD00CCC8F3 /* Project object */ = {
			isa = PBXProject;
			attributes = {
				LastUpgradeCheck = 0940;
				ORGANIZATIONNAME = tSoniq;
				TargetAttributes = {
					4DACBA9521122E6200CCC8F3 = {
						CreatedOnToolsVersion = 9.4.1;
					};
				};
			};
			buildConfigurationList = 4DACBA7821122ABD00CCC8F3 /* Build configuration list for PBXProject "AudioFix" */;
			compatibilityVersion = "Xcode 9.3";
			developmentRegion = en;
			hasScannedForEncodings = 0;
			knownRegions = (
				en,
				Base,
			);
			mainGroup = 4DACBA7421122ABD00CCC8F3;
			productRefGroup = 4DACBA7E21122ABD00CCC8F3 /* Products */;
			projectDirPath = "";
			projectRoot = "";
			targets = (
				4DACBA9521122E6200CCC8F3 /* TSAudioFixDriver */,
			);
		};
/* End PBXProject section */

/* Begin PBXResourcesBuildPhase section */
		4DACBA9421122E6200CCC8F3 /* Resources */ = {
			isa = PBXResourcesBuildPhase;
			buildActionMask = 2147483647;
			files = (
			);
			runOnlyForDeploymentPostprocessing = 0;
		};
/* End PBXResourcesBuildPhase section */

/* Begin PBXSourcesBuildPhase section */
		4DACBA9121122E6200CCC8F3 /* Sources */ = {
			isa = PBXSourcesBuildPhase;
			buildActionMask = 2147483647;
			files = (
				4DACBA9B21122E6200CCC8F3 /* ts_audiofix.cc in Sources */,
			);
			runOnlyForDeploymentPostprocessing = 0;
		};
/* End PBXSourcesBuildPhase section */

/* Begin XCBuildConfiguration section */
		4DACBA8C21122ABE00CCC8F3 /* Debug */ = {
			isa = XCBuildConfiguration;
			buildSettings = {
				ALWAYS_SEARCH_USER_PATHS = NO;
				CLANG_ANALYZER_NONNULL = YES;
				CLANG_ANALYZER_NUMBER_OBJECT_CONVERSION = YES_AGGRESSIVE;
				CLANG_CXX_LANGUAGE_STANDARD = "gnu++14";
				CLANG_CXX_LIBRARY = "libc++";
				CLANG_ENABLE_MODULES = YES;
				CLANG_ENABLE_OBJC_ARC = YES;
				CLANG_ENABLE_OBJC_WEAK = YES;
				CLANG_WARN_BLOCK_CAPTURE_AUTORELEASING = YES;
				CLANG_WARN_BOOL_CONVERSION = YES;
				CLANG_WARN_COMMA = YES;
				CLANG_WARN_CONSTANT_CONVERSION = YES;
				CLANG_WARN_DEPRECATED_OBJC_IMPLEMENTATIONS = YES;
				CLANG_WARN_DIRECT_OBJC_ISA_USAGE = YES_ERROR;
				CLANG_WARN_DOCUMENTATION_COMMENTS = YES;
				CLANG_WARN_EMPTY_BODY = YES;
				CLANG_WARN_ENUM_CONVERSION = YES;
				CLANG_WARN_INFINITE_RECURSION = YES;
				CLANG_WARN_INT_CONVERSION = YES;
				CLANG_WARN_NON_LITERAL_NULL_CONVERSION = YES;
				CLANG_WARN_OBJC_IMPLICIT_RETAIN_SELF = YES;
				CLANG_WARN_OBJC_LITERAL_CONVERSION = YES;
				CLANG_WARN_OBJC_ROOT_CLASS = YES_ERROR;
				CLANG_WARN_RANGE_LOOP_ANALYSIS = YES;
				CLANG_WARN_STRICT_PROTOTYPES = YES;
				CLANG_WARN_SUSPICIOUS_MOVE = YES;
				CLANG_WARN_UNGUARDED_AVAILABILITY = YES_AGGRESSIVE;
				CLANG_WARN_UNREACHABLE_CODE = YES;
				CLANG_WARN__DUPLICATE_METHOD_MATCH = YES;
				CODE_SIGN_IDENTITY = "-";
				COPY_PHASE_STRIP = NO;
				DEBUG_INFORMATION_FORMAT = dwarf;
				ENABLE_STRICT_OBJC_MSGSEND = YES;
				ENABLE_TESTABILITY = YES;
				GCC_C_LANGUAGE_STANDARD = gnu11;
				GCC_DYNAMIC_NO_PIC = NO;
				GCC_NO_COMMON_BLOCKS = YES;
				GCC_OPTIMIZATION_LEVEL = 0;
				GCC_PREPROCESSOR_DEFINITIONS = (
					"DEBUG=1",
					"$(inherited)",
				);
				GCC_WARN_64_TO_32_BIT_CONVERSION = YES;
				GCC_WARN_ABOUT_RETURN_TYPE = YES_ERROR;
				GCC_WARN_UNDECLARED_SELECTOR = YES;
				GCC_WARN_UNINITIALIZED_AUTOS = YES_AGGRESSIVE;
				GCC_WARN_UNUSED_FUNCTION = YES;
				GCC_WARN_UNUSED_VARIABLE = YES;
				MACOSX_DEPLOYMENT_TARGET = 10.13;
				MTL_ENABLE_DEBUG_INFO = YES;
				ONLY_ACTIVE_ARCH = YES;
				SDKROOT = macosx;
			};
			name = Debug;
		};
		4DACBA8D21122ABE00CCC8F3 /* Release */ = {
			isa = XCBuildConfiguration;
			buildSettings = {
				ALWAYS_SEARCH_USER_PATHS = NO;
				CLANG_ANALYZER_NONNULL = YES;
				CLANG_ANALYZER_NUMBER_OBJECT_CONVERSION = YES_AGGRESSIVE;
				CLANG_CXX_LANGUAGE_STANDARD = "gnu++14";
				CLANG_CXX_LIBRARY = "libc++";
				CLANG_ENABLE_MODULES = YES;
				CLANG_ENABLE_OBJC_ARC = YES;
				CLANG_ENABLE_OBJC_WEAK = YES;
				CLANG_WARN_BLOCK_CAPTURE_AUTORELEASING = YES;
				CLANG_WARN_BOOL_CONVERSION = YES;
				CLANG_WARN_COMMA = YES;
				CLANG_WARN_CONSTANT_CONVERSION = YES;
				CLANG_WARN_DEPRECATED_OBJC_IMPLEMENTATIONS = YES;
				CLANG_WARN_DIRECT_OBJC_ISA_USAGE = YES_ERROR;
				CLANG_WARN_DOCUMENTATION_COMMENTS = YES;
				CLANG_WARN_EMPTY_BODY = YES;
				CLANG_WARN_ENUM_CONVERSION = YES;
				CLANG_WARN_INFINITE_RECURSION = YES;
				CLANG_WARN_INT_CONVERSION = YES;
				CLANG_WARN_NON_LITERAL_NULL_CONVERSION = YES;
				CLANG_WARN_OBJC_IMPLICIT_RETAIN_SELF = YES;
				CLANG_WARN_OBJC_LITERAL_CONVERSION = YES;
				CLANG_WARN_OBJC_ROOT_CLASS = YES_ERROR;
				CLANG_WARN_RANGE_LOOP_ANALYSIS = YES;
				CLANG_WARN_STRICT_PROTOTYPES = YES;
				CLANG_WARN_SUSPICIOUS_MOVE = YES;
				CLANG_WARN_UNGUARDED_AVAILABILITY = YES_AGGRESSIVE;
				CLANG_WARN_UNREACHABLE_CODE = YES;
				CLANG_WARN__DUPLICATE_METHOD_MATCH = YES;
				CODE_SIGN_IDENTITY = "-";
				COPY_PHASE_STRIP = NO;
				DEBUG_INFORMATION_FORMAT = "dwarf-with-dsym";
				ENABLE_NS_ASSERTIONS = NO;
				ENABLE_STRICT_OBJC_MSGSEND = YES;
				GCC_C_LANGUAGE_STANDARD = gnu11;
				GCC_NO_COMMON_BLOCKS = YES;
				GCC_WARN_64_TO_32_BIT_CONVERSION = YES;
				GCC_WARN_ABOUT_RETURN_TYPE = YES_ERROR;
				GCC_WARN_UNDECLARED_SELECTOR = YES;
				GCC_WARN_UNINITIALIZED_AUTOS = YES_AGGRESSIVE;
				GCC_WARN_UNUSED_FUNCTION = YES;
				GCC_WARN_UNUSED_VARIABLE = YES;
				MACOSX_DEPLOYMENT_TARGET = 10.13;
				MTL_ENABLE_DEBUG_INFO = NO;
				SDKROOT = macosx;
			};
			name = Release;
		};
		4DACBA9E21122E6200CCC8F3 /* Debug */ = {
			isa = XCBuildConfiguration;
			buildSettings = {
				CODE_SIGN_IDENTITY = "Developer ID Application";
				CODE_SIGN_STYLE = Manual;
				COMBINE_HIDPI_IMAGES = YES;
				CURRENT_PROJECT_VERSION = 1.0.0d1;
				DEVELOPMENT_TEAM = BJF6446APQ;
				INFOPLIST_FILE = AudioFixDriver/Info.plist;
				MODULE_NAME = com.tsoniq.AudioFix_kext;
				MODULE_VERSION = 1.0.0d1;
				PRODUCT_BUNDLE_IDENTIFIER = com.tsoniq.driver.TSAudioFixDriver;
				PRODUCT_NAME = "$(TARGET_NAME)";
				PROVISIONING_PROFILE_SPECIFIER = "";
				WRAPPER_EXTENSION = kext;
			};
			name = Debug;
		};
		4DACBA9F21122E6200CCC8F3 /* Release */ = {
			isa = XCBuildConfiguration;
			buildSettings = {
				CODE_SIGN_IDENTITY = "Developer ID Application";
				CODE_SIGN_STYLE = Manual;
				COMBINE_HIDPI_IMAGES = YES;
				CURRENT_PROJECT_VERSION = 1.0.0d1;
				DEVELOPMENT_TEAM = "";
				INFOPLIST_FILE = AudioFixDriver/Info.plist;
				MODULE_NAME = com.tsoniq.AudioFix_kext;
				MODULE_VERSION = 1.0.0d1;
				PRODUCT_BUNDLE_IDENTIFIER = com.tsoniq.driver.TSAudioFixDriver;
				PRODUCT_NAME = "$(TARGET_NAME)";
				PROVISIONING_PROFILE_SPECIFIER = "";
				WRAPPER_EXTENSION = kext;
			};
			name = Release;
		};
/* End XCBuildConfiguration section */

/* Begin XCConfigurationList section */
		4DACBA7821122ABD00CCC8F3 /* Build configuration list for PBXProject "AudioFix" */ = {
			isa = XCConfigurationList;
			buildConfigurations = (
				4DACBA8C21122ABE00CCC8F3 /* Debug */,
				4DACBA8D21122ABE00CCC8F3 /* Release */,
			);
			defaultConfigurationIsVisible = 0;
			defaultConfigurationName = Release;
		};
		4DACBA9D21122E6200CCC8F3 /* Build configuration list for PBXNativeTarget "TSAudioFixDriver" */ = {
			isa = XCConfigurationList;
			buildConfigurations = (
				4DACBA9E21122E6200CCC8F3 /* Debug */,
				4DACBA9F21122E6200CCC8F3 /* Release */,
			);
			defaultConfigurationIsVisible = 0;
			defaultConfigurationName = Release;
		};
/* End XCConfigurationList section */
	};
	rootObject = 4DACBA7521122ABD00CCC8F3 /* Project object */;
}
